{
  "name": "xp-webviewjs",
  "version": "1.0.0",
  "lockfileVersion": 3,
  "requires": true,
  "packages": {
    "": {
      "name": "xp-webviewjs",
      "version": "1.0.0",
      "license": "ISC",
      "dependencies": {
        "@webviewjs/webview": "^0.1.3"
      }
    },
    "node_modules/@webviewjs/webview": {
      "version": "0.1.3",
      "resolved": "https://registry.npmjs.org/@webviewjs/webview/-/webview-0.1.3.tgz",
      "integrity": "sha512-bDs1Iqg5VGCpnURMlFSLS6L1eM2I7LfbUbj80/XajFKEX1rd5lT3kR6JPJy0QGyNSDO0vKuwd6prfl9+hYWRDg==",
      "license": "MIT",
      "bin": {
        "webview": "cli/index.mjs",
        "webviewjs": "cli/index.mjs"
      },
      "engines": {
        "node": ">= 10"
      },
      "optionalDependencies": {
        "@webviewjs/webview-android-arm-eabi": "0.1.3",
        "@webviewjs/webview-android-arm64": "0.1.3",
        "@webviewjs/webview-darwin-arm64": "0.1.3",
        "@webviewjs/webview-darwin-x64": "0.1.3",
        "@webviewjs/webview-freebsd-x64": "0.1.3",
        "@webviewjs/webview-linux-x64-gnu": "0.1.3",
        "@webviewjs/webview-win32-arm64-msvc": "0.1.3",
        "@webviewjs/webview-win32-ia32-msvc": "0.1.3",
        "@webviewjs/webview-win32-x64-msvc": "0.1.3"
      }
    },
    "node_modules/@webviewjs/webview-android-arm-eabi": {
      "version": "0.1.3",
      "resolved": "https://registry.npmjs.org/@webviewjs/webview-android-arm-eabi/-/webview-android-arm-eabi-0.1.3.tgz",
      "integrity": "sha512-LHDRUQrKYP4xvowWn1gZBrKetxDgJ7UM9eevUaTJUtPNVI2r5Ucj0yZoXgUPVtFRuU0OsDEOyB2DrnEcMCSWNQ==",
      "cpu": [
        "arm"
      ],
      "license": "MIT",
      "optional": true,
      "os": [
        "android"
      ],
      "engines": {
        "node": ">= 10"
      }
    },
    "node_modules/@webviewjs/webview-android-arm64": {
      "version": "0.1.3",
      "resolved": "https://registry.npmjs.org/@webviewjs/webview-android-arm64/-/webview-android-arm64-0.1.3.tgz",
      "integrity": "sha512-GiGdMJh3CFW18HVk+5r35iznav5bGH+xqp3WfjkbFssRD4fOE3edDZia4FLHn4oMNdmQduTTvmVXg6fBB7kNfQ==",
      "cpu": [
        "arm64"
      ],
      "license": "MIT",
      "optional": true,
      "os": [
        "android"
      ],
      "engines": {
        "node": ">= 10"
      }
    },
    "node_modules/@webviewjs/webview-darwin-arm64": {
      "version": "0.1.3",
      "resolved": "https://registry.npmjs.org/@webviewjs/webview-darwin-arm64/-/webview-darwin-arm64-0.1.3.tgz",
      "integrity": "sha512-eRxjO52b/qLY4PeGWaeJZjhrk2zHncbA9N9BGQJEhSxa/E8c/SsFfS868c0oqbfCreGqhRE8aFAu2dpGUvX8FQ==",
      "cpu": [
        "arm64"
      ],
      "license": "MIT",
      "optional": true,
      "os": [
        "darwin"
      ],
      "engines": {
        "node": ">= 10"
      }
    },
    "node_modules/@webviewjs/webview-darwin-x64": {
      "version": "0.1.3",
      "resolved": "https://registry.npmjs.org/@webviewjs/webview-darwin-x64/-/webview-darwin-x64-0.1.3.tgz",
      "integrity": "sha512-iKqSM0QDPwfB9rO1pwBxXD1Ve/380CSOz8sdIikED78qvieUsalqA93ihZGdCkl4SihhPZQ8n+mX5TH5/gfkhg==",
      "cpu": [
        "x64"
      ],
      "license": "MIT",
      "optional": true,
      "os": [
        "darwin"
      ],
      "engines": {
        "node": ">= 10"
      }
    },
    "node_modules/@webviewjs/webview-win32-arm64-msvc": {
      "version": "0.1.3",
      "resolved": "https://registry.npmjs.org/@webviewjs/webview-win32-arm64-msvc/-/webview-win32-arm64-msvc-0.1.3.tgz",
      "integrity": "sha512-RaReXxoCW0HJ3srNVlsBPrHd/4LwvjR0g0ehZmjjQ8fI6URJ23IAEuwcDhBPMs+0BfSdLinegzEBaUwwLoMRjg==",
      "cpu": [
        "arm64"
      ],
      "license": "MIT",
      "optional": true,
      "os": [
        "win32"
      ],
      "engines": {
        "node": ">= 10"
      }
    },
    "node_modules/@webviewjs/webview-win32-ia32-msvc": {
      "version": "0.1.3",
      "resolved": "https://registry.npmjs.org/@webviewjs/webview-win32-ia32-msvc/-/webview-win32-ia32-msvc-0.1.3.tgz",
      "integrity": "sha512-tScltp4cNutz5OeXDo3jWqD4jOy6yg2R31pUCDGa03zH/YsVzEHXqsueUvl3iRkVh/bpAQ0iBgPJ9QzBC2D6qg==",
      "cpu": [
        "ia32"
      ],
      "license": "MIT",
      "optional": true,
      "os": [
        "win32"
      ],
      "engines": {
        "node": ">= 10"
      }
    },
    "node_modules/@webviewjs/webview-win32-x64-msvc": {
      "version": "0.1.3",
      "resolved": "https://registry.npmjs.org/@webviewjs/webview-win32-x64-msvc/-/webview-win32-x64-msvc-0.1.3.tgz",
      "integrity": "sha512-x+VYx/+26U+NPvqWZAKQUhRe/ZKVO0xxPwCEwUCQ5iATW+Iyvgqy+btoKlgqUXHo1lxQX1p5+nFyIbrNEc74Pg==",
      "cpu": [
        "x64"
      ],
      "license": "MIT",
      "optional": true,
      "os": [
        "win32"
      ],
      "engines": {
        "node": ">= 10"
      }
    }
  }
}
